
Microsoft Visual Studio Solution File, Format Version 12.00
# Visual Studio 15
VisualStudioVersion = 15.0.28010.2050
MinimumVisualStudioVersion = 10.0.40219.1
Project("{8BC9CEB8-8B4A-11D0-8D11-00A0C91BC942}") = "Project-11-18", "Project-11-18\Project-11-18.vcxproj", "{D2AB3CE9-2D90-4C00-82E3-C8E849311D39}"
EndProject
Global
	GlobalSection(SolutionConfigurationPlatforms) = preSolution
		Debug|x64 = Debug|x64
		Debug|x86 = Debug|x86
		Release|x64 = Release|x64
		Release|x86 = Release|x86
	EndGlobalSection
	GlobalSection(ProjectConfigurationPlatforms) = postSolution
		{D2AB3CE9-2D90-4C00-82E3-C8E849311D39}.Debug|x64.ActiveCfg = Debug|x64
		{D2AB3CE9-2D90-4C00-82E3-C8E849311D39}.Debug|x64.Build.0 = Debug|x64
		{D2AB3CE9-2D90-4C00-82E3-C8E849311D39}.Debug|x86.ActiveCfg = Debug|Win32
		{D2AB3CE9-2D90-4C00-82E3-C8E849311D39}.Debug|x86.Build.0 = Debug|Win32
		{D2AB3CE9-2D90-4C00-82E3-C8E849311D39}.Release|x64.ActiveCfg = Release|x64
		{D2AB3CE9-2D90-4C00-82E3-C8E849311D39}.Release|x64.Build.0 = Release|x64
		{D2AB3CE9-2D90-4C00-82E3-C8E849311D39}.Release|x86.ActiveCfg = Release|Win32
		{D2AB3CE9-2D90-4C00-82E3-C8E849311D39}.Release|x86.Build.0 = Release|Win32
	EndGlobalSection
	GlobalSection(SolutionProperties) = preSolution
		HideSolutionNode = FALSE
	EndGlobalSection
	GlobalSection(ExtensibilityGlobals) = postSolution
		SolutionGuid = {1B068383-76B4-4418-981D-46F359D8F414}
	EndGlobalSection
EndGlobal
